
Microsoft Visual Studio Solution File, Format Version 12.00
# Visual Studio 14
VisualStudioVersion = 14.0.24720.0
MinimumVisualStudioVersion = 10.0.40219.1
Project("{2150E333-8FDC-42A3-9474-1A3956D46DE8}") = "Solution Items", "Solution Items", "{C1B13287-07E4-429D-90F0-A4DBC3670C92}"
	ProjectSection(SolutionItems) = preProject
		SolutionVersion.cs = SolutionVersion.cs
	EndProjectSection
EndProject
Project("{FAE04EC0-301F-11D3-BF4B-00C04F79EFBC}") = "RockStone.Inka.Caching", "RockStone.Inka.Caching\RockStone.Inka.Caching.csproj", "{16D2789E-6CEA-430A-B5B7-EE54E9DB3728}"
EndProject
Global
	GlobalSection(SolutionConfigurationPlatforms) = preSolution
		Debug|Any CPU = Debug|Any CPU
		Release|Any CPU = Release|Any CPU
	EndGlobalSection
	GlobalSection(ProjectConfigurationPlatforms) = postSolution
		{16D2789E-6CEA-430A-B5B7-EE54E9DB3728}.Debug|Any CPU.ActiveCfg = Debug|Any CPU
		{16D2789E-6CEA-430A-B5B7-EE54E9DB3728}.Debug|Any CPU.Build.0 = Debug|Any CPU
		{16D2789E-6CEA-430A-B5B7-EE54E9DB3728}.Release|Any CPU.ActiveCfg = Release|Any CPU
		{16D2789E-6CEA-430A-B5B7-EE54E9DB3728}.Release|Any CPU.Build.0 = Release|Any CPU
	EndGlobalSection
	GlobalSection(SolutionProperties) = preSolution
		HideSolutionNode = FALSE
	EndGlobalSection
EndGlobal
